
Microsoft Visual Studio Solution File, Format Version 12.00
# Visual Studio Version 17
VisualStudioVersion = 17.5.002.0
MinimumVisualStudioVersion = 10.0.40219.1
Project("{9A19103F-16F7-4668-BE54-9A1E7A4F7556}") = "ProducerConsumerApp", "ProducerConsumerApp.csproj", "{10C9520E-F941-4C54-9E59-6BD5EF5B50BE}"
EndProject
Global
	GlobalSection(SolutionConfigurationPlatforms) = preSolution
		Debug|Any CPU = Debug|Any CPU
		Release|Any CPU = Release|Any CPU
	EndGlobalSection
	GlobalSection(ProjectConfigurationPlatforms) = postSolution
		{10C9520E-F941-4C54-9E59-6BD5EF5B50BE}.Debug|Any CPU.ActiveCfg = Debug|Any CPU
		{10C9520E-F941-4C54-9E59-6BD5EF5B50BE}.Debug|Any CPU.Build.0 = Debug|Any CPU
		{10C9520E-F941-4C54-9E59-6BD5EF5B50BE}.Release|Any CPU.ActiveCfg = Release|Any CPU
		{10C9520E-F941-4C54-9E59-6BD5EF5B50BE}.Release|Any CPU.Build.0 = Release|Any CPU
	EndGlobalSection
	GlobalSection(SolutionProperties) = preSolution
		HideSolutionNode = FALSE
	EndGlobalSection
	GlobalSection(ExtensibilityGlobals) = postSolution
		SolutionGuid = {92491FB4-A0B5-4345-BD8C-05EB87A361C0}
	EndGlobalSection
EndGlobal
